
Microsoft Visual Studio Solution File, Format Version 12.00
# Visual Studio Version 17
VisualStudioVersion = 17.5.002.0
MinimumVisualStudioVersion = 10.0.40219.1
Project("{9A19103F-16F7-4668-BE54-9A1E7A4F7556}") = "Veggy", "Veggy.csproj", "{86978C56-D9E3-45EE-B3AD-7B766944BDD9}"
EndProject
Global
	GlobalSection(SolutionConfigurationPlatforms) = preSolution
		Debug|Any CPU = Debug|Any CPU
		Release|Any CPU = Release|Any CPU
	EndGlobalSection
	GlobalSection(ProjectConfigurationPlatforms) = postSolution
		{86978C56-D9E3-45EE-B3AD-7B766944BDD9}.Debug|Any CPU.ActiveCfg = Debug|Any CPU
		{86978C56-D9E3-45EE-B3AD-7B766944BDD9}.Debug|Any CPU.Build.0 = Debug|Any CPU
		{86978C56-D9E3-45EE-B3AD-7B766944BDD9}.Release|Any CPU.ActiveCfg = Release|Any CPU
		{86978C56-D9E3-45EE-B3AD-7B766944BDD9}.Release|Any CPU.Build.0 = Release|Any CPU
	EndGlobalSection
	GlobalSection(SolutionProperties) = preSolution
		HideSolutionNode = FALSE
	EndGlobalSection
	GlobalSection(ExtensibilityGlobals) = postSolution
		SolutionGuid = {48BF2B46-9C62-4C72-8FB1-574CBED202F6}
	EndGlobalSection
EndGlobal
